// !$*UTF8*$!
{
	archiveVersion = 1;
	classes = {
	};
	objectVersion = 70;
	objects = {

/* Begin PBXBuildFile section */
		942EB1F02CD075DC006D4F0F /* PhoneNumberError.swift in Sources */ = {isa = PBXBuildFile; fileRef = 942EB1EF2CD075DC006D4F0F /* PhoneNumberError.swift */; };
		942EB1F12CD075DC006D4F0F /* PhoneNumberError.swift in Sources */ = {isa = PBXBuildFile; fileRef = 942EB1EF2CD075DC006D4F0F /* PhoneNumberError.swift */; };
		942EB1F62CD0774B006D4F0F /* PhoneNumberKit in Frameworks */ = {isa = PBXBuildFile; productRef = 942EB1F52CD0774B006D4F0F /* PhoneNumberKit */; };
		94C1A9212CACF83700AC6D8D /* prefix.swift in Sources */ = {isa = PBXBuildFile; fileRef = 94C1A9202CACF83700AC6D8D /* prefix.swift */; };
		94C1A9222CACF83700AC6D8D /* prefix.swift in Sources */ = {isa = PBXBuildFile; fileRef = 94C1A9202CACF83700AC6D8D /* prefix.swift */; };
		94C1A9272CACF88000AC6D8D /* PhoneNumber.swift in Sources */ = {isa = PBXBuildFile; fileRef = 94C1A9262CACF88000AC6D8D /* PhoneNumber.swift */; };
		94C1A9282CACF88000AC6D8D /* PhoneNumber.swift in Sources */ = {isa = PBXBuildFile; fileRef = 94C1A9262CACF88000AC6D8D /* PhoneNumber.swift */; };
		94E2B2992CCFE87300FD18A1 /* PhoneNumberFormatStyle.swift in Sources */ = {isa = PBXBuildFile; fileRef = 94E2B2982CCFE87300FD18A1 /* PhoneNumberFormatStyle.swift */; };
		94E2B29A2CCFE87300FD18A1 /* PhoneNumberFormatStyle.swift in Sources */ = {isa = PBXBuildFile; fileRef = 94E2B2982CCFE87300FD18A1 /* PhoneNumberFormatStyle.swift */; };
		94E2B29C2CCFF39100FD18A1 /* PhoneNumberTextField.swift in Sources */ = {isa = PBXBuildFile; fileRef = 94E2B29B2CCFF39100FD18A1 /* PhoneNumberTextField.swift */; };
		94E2B29D2CCFF39100FD18A1 /* PhoneNumberTextField.swift in Sources */ = {isa = PBXBuildFile; fileRef = 94E2B29B2CCFF39100FD18A1 /* PhoneNumberTextField.swift */; };
		94E2B29E2CCFF39100FD18A1 /* PhoneNumberTextField.swift in Sources */ = {isa = PBXBuildFile; fileRef = 94E2B29B2CCFF39100FD18A1 /* PhoneNumberTextField.swift */; };
		A6A262FD24E0BCB30091EA92 /* TestingApp.swift in Sources */ = {isa = PBXBuildFile; fileRef = A6A262D424E0BCB20091EA92 /* TestingApp.swift */; };
		A6A262FE24E0BCB30091EA92 /* TestingApp.swift in Sources */ = {isa = PBXBuildFile; fileRef = A6A262D424E0BCB20091EA92 /* TestingApp.swift */; };
		A6A262FF24E0BCB30091EA92 /* ContentView.swift in Sources */ = {isa = PBXBuildFile; fileRef = A6A262D524E0BCB20091EA92 /* ContentView.swift */; };
		A6A2630024E0BCB30091EA92 /* ContentView.swift in Sources */ = {isa = PBXBuildFile; fileRef = A6A262D524E0BCB20091EA92 /* ContentView.swift */; };
		A6A2630124E0BCB30091EA92 /* Assets.xcassets in Resources */ = {isa = PBXBuildFile; fileRef = A6A262D624E0BCB30091EA92 /* Assets.xcassets */; };
		A6A2630224E0BCB30091EA92 /* Assets.xcassets in Resources */ = {isa = PBXBuildFile; fileRef = A6A262D624E0BCB30091EA92 /* Assets.xcassets */; };
/* End PBXBuildFile section */

/* Begin PBXContainerItemProxy section */
		94E2B2912CCFE0EF00FD18A1 /* PBXContainerItemProxy */ = {
			isa = PBXContainerItemProxy;
			containerPortal = A6A262CF24E0BCB20091EA92 /* Project object */;
			proxyType = 1;
			remoteGlobalIDString = A6A262DA24E0BCB30091EA92;
			remoteInfo = "Testing (iOS)";
		};
/* End PBXContainerItemProxy section */

/* Begin PBXFileReference section */
		942EB1EF2CD075DC006D4F0F /* PhoneNumberError.swift */ = {isa = PBXFileReference; lastKnownFileType = sourcecode.swift; path = PhoneNumberError.swift; sourceTree = "<group>"; };
		94C1A9202CACF83700AC6D8D /* prefix.swift */ = {isa = PBXFileReference; lastKnownFileType = sourcecode.swift; path = prefix.swift; sourceTree = "<group>"; };
		94C1A9262CACF88000AC6D8D /* PhoneNumber.swift */ = {isa = PBXFileReference; lastKnownFileType = sourcecode.swift; path = PhoneNumber.swift; sourceTree = "<group>"; };
		94E2B28D2CCFE0EF00FD18A1 /* TestingTests.xctest */ = {isa = PBXFileReference; explicitFileType = wrapper.cfbundle; includeInIndex = 0; path = TestingTests.xctest; sourceTree = BUILT_PRODUCTS_DIR; };
		94E2B2982CCFE87300FD18A1 /* PhoneNumberFormatStyle.swift */ = {isa = PBXFileReference; lastKnownFileType = sourcecode.swift; path = PhoneNumberFormatStyle.swift; sourceTree = "<group>"; };
		94E2B29B2CCFF39100FD18A1 /* PhoneNumberTextField.swift */ = {isa = PBXFileReference; lastKnownFileType = sourcecode.swift; path = PhoneNumberTextField.swift; sourceTree = "<group>"; };
		A6A0310D266EBC6D001CBE2A /* Testing.entitlements */ = {isa = PBXFileReference; lastKnownFileType = text.plist.entitlements; path = Testing.entitlements; sourceTree = "<group>"; };
		A6A262D424E0BCB20091EA92 /* TestingApp.swift */ = {isa = PBXFileReference; lastKnownFileType = sourcecode.swift; path = TestingApp.swift; sourceTree = "<group>"; };
		A6A262D524E0BCB20091EA92 /* ContentView.swift */ = {isa = PBXFileReference; lastKnownFileType = sourcecode.swift; path = ContentView.swift; sourceTree = "<group>"; };
		A6A262D624E0BCB30091EA92 /* Assets.xcassets */ = {isa = PBXFileReference; lastKnownFileType = folder.assetcatalog; path = Assets.xcassets; sourceTree = "<group>"; };
		A6A262DB24E0BCB30091EA92 /* Testing.app */ = {isa = PBXFileReference; explicitFileType = wrapper.application; includeInIndex = 0; path = Testing.app; sourceTree = BUILT_PRODUCTS_DIR; };
		A6A262DE24E0BCB30091EA92 /* Info.plist */ = {isa = PBXFileReference; lastKnownFileType = text.plist.xml; path = Info.plist; sourceTree = "<group>"; };
		A6A262E324E0BCB30091EA92 /* Testing.app */ = {isa = PBXFileReference; explicitFileType = wrapper.application; includeInIndex = 0; path = Testing.app; sourceTree = BUILT_PRODUCTS_DIR; };
		A6A262E524E0BCB30091EA92 /* Info.plist */ = {isa = PBXFileReference; lastKnownFileType = text.plist.xml; path = Info.plist; sourceTree = "<group>"; };
		A6A262E624E0BCB30091EA92 /* macOS.entitlements */ = {isa = PBXFileReference; lastKnownFileType = text.plist.entitlements; path = macOS.entitlements; sourceTree = "<group>"; };
/* End PBXFileReference section */

/* Begin PBXFileSystemSynchronizedRootGroup section */
		94E2B28E2CCFE0EF00FD18A1 /* TestingTests */ = {isa = PBXFileSystemSynchronizedRootGroup; explicitFileTypes = {}; explicitFolders = (); path = TestingTests; sourceTree = "<group>"; };
/* End PBXFileSystemSynchronizedRootGroup section */

/* Begin PBXFrameworksBuildPhase section */
		94E2B28A2CCFE0EF00FD18A1 /* Frameworks */ = {
			isa = PBXFrameworksBuildPhase;
			buildActionMask = 2147483647;
			files = (
			);
			runOnlyForDeploymentPostprocessing = 0;
		};
		A6A262D824E0BCB30091EA92 /* Frameworks */ = {
			isa = PBXFrameworksBuildPhase;
			buildActionMask = 2147483647;
			files = (
				942EB1F62CD0774B006D4F0F /* PhoneNumberKit in Frameworks */,
			);
			runOnlyForDeploymentPostprocessing = 0;
		};
		A6A262E024E0BCB30091EA92 /* Frameworks */ = {
			isa = PBXFrameworksBuildPhase;
			buildActionMask = 2147483647;
			files = (
			);
			runOnlyForDeploymentPostprocessing = 0;
		};
/* End PBXFrameworksBuildPhase section */

/* Begin PBXGroup section */
		9416F28C2BF5AF1B00028457 /* Frameworks */ = {
			isa = PBXGroup;
			children = (
			);
			name = Frameworks;
			sourceTree = "<group>";
		};
		A6A262CE24E0BCB20091EA92 = {
			isa = PBXGroup;
			children = (
				A6A0310D266EBC6D001CBE2A /* Testing.entitlements */,
				A6A262D324E0BCB20091EA92 /* Shared */,
				A6A262DD24E0BCB30091EA92 /* iOS */,
				A6A262E424E0BCB30091EA92 /* macOS */,
				94E2B28E2CCFE0EF00FD18A1 /* TestingTests */,
				A6A262DC24E0BCB30091EA92 /* Products */,
				9416F28C2BF5AF1B00028457 /* Frameworks */,
			);
			sourceTree = "<group>";
		};
		A6A262D324E0BCB20091EA92 /* Shared */ = {
			isa = PBXGroup;
			children = (
				A6A262D424E0BCB20091EA92 /* TestingApp.swift */,
				A6A262D524E0BCB20091EA92 /* ContentView.swift */,
				94E2B29B2CCFF39100FD18A1 /* PhoneNumberTextField.swift */,
				94E2B2982CCFE87300FD18A1 /* PhoneNumberFormatStyle.swift */,
				94C1A9262CACF88000AC6D8D /* PhoneNumber.swift */,
				942EB1EF2CD075DC006D4F0F /* PhoneNumberError.swift */,
				94C1A9202CACF83700AC6D8D /* prefix.swift */,
				A6A262D624E0BCB30091EA92 /* Assets.xcassets */,
			);
			path = Shared;
			sourceTree = "<group>";
		};
		A6A262DC24E0BCB30091EA92 /* Products */ = {
			isa = PBXGroup;
			children = (
				A6A262DB24E0BCB30091EA92 /* Testing.app */,
				A6A262E324E0BCB30091EA92 /* Testing.app */,
				94E2B28D2CCFE0EF00FD18A1 /* TestingTests.xctest */,
			);
			name = Products;
			sourceTree = "<group>";
		};
		A6A262DD24E0BCB30091EA92 /* iOS */ = {
			isa = PBXGroup;
			children = (
				A6A262DE24E0BCB30091EA92 /* Info.plist */,
			);
			path = iOS;
			sourceTree = "<group>";
		};
		A6A262E424E0BCB30091EA92 /* macOS */ = {
			isa = PBXGroup;
			children = (
				A6A262E524E0BCB30091EA92 /* Info.plist */,
				A6A262E624E0BCB30091EA92 /* macOS.entitlements */,
			);
			path = macOS;
			sourceTree = "<group>";
		};
/* End PBXGroup section */

/* Begin PBXNativeTarget section */
		94E2B28C2CCFE0EF00FD18A1 /* TestingTests */ = {
			isa = PBXNativeTarget;
			buildConfigurationList = 94E2B2932CCFE0EF00FD18A1 /* Build configuration list for PBXNativeTarget "TestingTests" */;
			buildPhases = (
				94E2B2892CCFE0EF00FD18A1 /* Sources */,
				94E2B28A2CCFE0EF00FD18A1 /* Frameworks */,
				94E2B28B2CCFE0EF00FD18A1 /* Resources */,
			);
			buildRules = (
			);
			dependencies = (
				94E2B2922CCFE0EF00FD18A1 /* PBXTargetDependency */,
			);
			fileSystemSynchronizedGroups = (
				94E2B28E2CCFE0EF00FD18A1 /* TestingTests */,
			);
			name = TestingTests;
			packageProductDependencies = (
			);
			productName = TestingTests;
			productReference = 94E2B28D2CCFE0EF00FD18A1 /* TestingTests.xctest */;
			productType = "com.apple.product-type.bundle.unit-test";
		};
		A6A262DA24E0BCB30091EA92 /* Testing (iOS) */ = {
			isa = PBXNativeTarget;
			buildConfigurationList = A6A2630524E0BCB30091EA92 /* Build configuration list for PBXNativeTarget "Testing (iOS)" */;
			buildPhases = (
				A6A262D724E0BCB30091EA92 /* Sources */,
				A6A262D824E0BCB30091EA92 /* Frameworks */,
				A6A262D924E0BCB30091EA92 /* Resources */,
			);
			buildRules = (
			);
			dependencies = (
			);
			name = "Testing (iOS)";
			productName = "Testing (iOS)";
			productReference = A6A262DB24E0BCB30091EA92 /* Testing.app */;
			productType = "com.apple.product-type.application";
		};
		A6A262E224E0BCB30091EA92 /* Testing (macOS) */ = {
			isa = PBXNativeTarget;
			buildConfigurationList = A6A2630824E0BCB30091EA92 /* Build configuration list for PBXNativeTarget "Testing (macOS)" */;
			buildPhases = (
				A6A262DF24E0BCB30091EA92 /* Sources */,
				A6A262E024E0BCB30091EA92 /* Frameworks */,
				A6A262E124E0BCB30091EA92 /* Resources */,
			);
			buildRules = (
			);
			dependencies = (
			);
			name = "Testing (macOS)";
			productName = "Testing (macOS)";
			productReference = A6A262E324E0BCB30091EA92 /* Testing.app */;
			productType = "com.apple.product-type.application";
		};
/* End PBXNativeTarget section */

/* Begin PBXProject section */
		A6A262CF24E0BCB20091EA92 /* Project object */ = {
			isa = PBXProject;
			attributes = {
				BuildIndependentTargetsInParallel = YES;
				LastSwiftUpdateCheck = 1600;
				LastUpgradeCheck = 1500;
				TargetAttributes = {
					94E2B28C2CCFE0EF00FD18A1 = {
						CreatedOnToolsVersion = 16.0;
						TestTargetID = A6A262DA24E0BCB30091EA92;
					};
					A6A262DA24E0BCB30091EA92 = {
						CreatedOnToolsVersion = 12.0;
					};
					A6A262E224E0BCB30091EA92 = {
						CreatedOnToolsVersion = 12.0;
					};
				};
			};
			buildConfigurationList = A6A262D224E0BCB20091EA92 /* Build configuration list for PBXProject "Testing" */;
			compatibilityVersion = "Xcode 9.3";
			developmentRegion = en;
			hasScannedForEncodings = 0;
			knownRegions = (
				en,
				Base,
			);
			mainGroup = A6A262CE24E0BCB20091EA92;
			packageReferences = (
				942EB1F42CD07721006D4F0F /* XCRemoteSwiftPackageReference "PhoneNumberKit" */,
			);
			productRefGroup = A6A262DC24E0BCB30091EA92 /* Products */;
			projectDirPath = "";
			projectRoot = "";
			targets = (
				A6A262DA24E0BCB30091EA92 /* Testing (iOS) */,
				A6A262E224E0BCB30091EA92 /* Testing (macOS) */,
				94E2B28C2CCFE0EF00FD18A1 /* TestingTests */,
			);
		};
/* End PBXProject section */

/* Begin PBXResourcesBuildPhase section */
		94E2B28B2CCFE0EF00FD18A1 /* Resources */ = {
			isa = PBXResourcesBuildPhase;
			buildActionMask = 2147483647;
			files = (
			);
			runOnlyForDeploymentPostprocessing = 0;
		};
		A6A262D924E0BCB30091EA92 /* Resources */ = {
			isa = PBXResourcesBuildPhase;
			buildActionMask = 2147483647;
			files = (
				A6A2630124E0BCB30091EA92 /* Assets.xcassets in Resources */,
			);
			runOnlyForDeploymentPostprocessing = 0;
		};
		A6A262E124E0BCB30091EA92 /* Resources */ = {
			isa = PBXResourcesBuildPhase;
			buildActionMask = 2147483647;
			files = (
				A6A2630224E0BCB30091EA92 /* Assets.xcassets in Resources */,
			);
			runOnlyForDeploymentPostprocessing = 0;
		};
/* End PBXResourcesBuildPhase section */

/* Begin PBXSourcesBuildPhase section */
		94E2B2892CCFE0EF00FD18A1 /* Sources */ = {
			isa = PBXSourcesBuildPhase;
			buildActionMask = 2147483647;
			files = (
				94E2B29E2CCFF39100FD18A1 /* PhoneNumberTextField.swift in Sources */,
			);
			runOnlyForDeploymentPostprocessing = 0;
		};
		A6A262D724E0BCB30091EA92 /* Sources */ = {
			isa = PBXSourcesBuildPhase;
			buildActionMask = 2147483647;
			files = (
				A6A262FF24E0BCB30091EA92 /* ContentView.swift in Sources */,
				94C1A9212CACF83700AC6D8D /* prefix.swift in Sources */,
				94E2B29C2CCFF39100FD18A1 /* PhoneNumberTextField.swift in Sources */,
				94C1A9272CACF88000AC6D8D /* PhoneNumber.swift in Sources */,
				942EB1F12CD075DC006D4F0F /* PhoneNumberError.swift in Sources */,
				94E2B2992CCFE87300FD18A1 /* PhoneNumberFormatStyle.swift in Sources */,
				A6A262FD24E0BCB30091EA92 /* TestingApp.swift in Sources */,
			);
			runOnlyForDeploymentPostprocessing = 0;
		};
		A6A262DF24E0BCB30091EA92 /* Sources */ = {
			isa = PBXSourcesBuildPhase;
			buildActionMask = 2147483647;
			files = (
				A6A2630024E0BCB30091EA92 /* ContentView.swift in Sources */,
				94C1A9222CACF83700AC6D8D /* prefix.swift in Sources */,
				94E2B29D2CCFF39100FD18A1 /* PhoneNumberTextField.swift in Sources */,
				94C1A9282CACF88000AC6D8D /* PhoneNumber.swift in Sources */,
				942EB1F02CD075DC006D4F0F /* PhoneNumberError.swift in Sources */,
				94E2B29A2CCFE87300FD18A1 /* PhoneNumberFormatStyle.swift in Sources */,
				A6A262FE24E0BCB30091EA92 /* TestingApp.swift in Sources */,
			);
			runOnlyForDeploymentPostprocessing = 0;
		};
/* End PBXSourcesBuildPhase section */

/* Begin PBXTargetDependency section */
		94E2B2922CCFE0EF00FD18A1 /* PBXTargetDependency */ = {
			isa = PBXTargetDependency;
			target = A6A262DA24E0BCB30091EA92 /* Testing (iOS) */;
			targetProxy = 94E2B2912CCFE0EF00FD18A1 /* PBXContainerItemProxy */;
		};
/* End PBXTargetDependency section */

/* Begin XCBuildConfiguration section */
		94E2B2942CCFE0EF00FD18A1 /* Debug */ = {
			isa = XCBuildConfiguration;
			buildSettings = {
				BUNDLE_LOADER = "$(TEST_HOST)";
				CLANG_CXX_LANGUAGE_STANDARD = "gnu++20";
				CODE_SIGN_STYLE = Automatic;
				CURRENT_PROJECT_VERSION = 1;
				DEVELOPMENT_TEAM = 29BB6CT754;
				GCC_C_LANGUAGE_STANDARD = gnu17;
				GENERATE_INFOPLIST_FILE = YES;
				IPHONEOS_DEPLOYMENT_TARGET = 18.0;
				LOCALIZATION_PREFERS_STRING_CATALOGS = YES;
				MARKETING_VERSION = 1.0;
				PRODUCT_BUNDLE_IDENTIFIER = com.rspoon3.TestingTests;
				PRODUCT_NAME = "$(TARGET_NAME)";
				SDKROOT = iphoneos;
				SWIFT_ACTIVE_COMPILATION_CONDITIONS = "DEBUG $(inherited)";
				SWIFT_EMIT_LOC_STRINGS = NO;
				SWIFT_VERSION = 5.0;
				TARGETED_DEVICE_FAMILY = "1,2";
				TEST_HOST = "$(BUILT_PRODUCTS_DIR)/Testing.app/$(BUNDLE_EXECUTABLE_FOLDER_PATH)/Testing";
			};
			name = Debug;
		};
		94E2B2952CCFE0EF00FD18A1 /* Release */ = {
			isa = XCBuildConfiguration;
			buildSettings = {
				BUNDLE_LOADER = "$(TEST_HOST)";
				CLANG_CXX_LANGUAGE_STANDARD = "gnu++20";
				CODE_SIGN_STYLE = Automatic;
				CURRENT_PROJECT_VERSION = 1;
				DEVELOPMENT_TEAM = 29BB6CT754;
				GCC_C_LANGUAGE_STANDARD = gnu17;
				GENERATE_INFOPLIST_FILE = YES;
				IPHONEOS_DEPLOYMENT_TARGET = 18.0;
				LOCALIZATION_PREFERS_STRING_CATALOGS = YES;
				MARKETING_VERSION = 1.0;
				PRODUCT_BUNDLE_IDENTIFIER = com.rspoon3.TestingTests;
				PRODUCT_NAME = "$(TARGET_NAME)";
				SDKROOT = iphoneos;
				SWIFT_EMIT_LOC_STRINGS = NO;
				SWIFT_VERSION = 5.0;
				TARGETED_DEVICE_FAMILY = "1,2";
				TEST_HOST = "$(BUILT_PRODUCTS_DIR)/Testing.app/$(BUNDLE_EXECUTABLE_FOLDER_PATH)/Testing";
				VALIDATE_PRODUCT = YES;
			};
			name = Release;
		};
		A6A2630324E0BCB30091EA92 /* Debug */ = {
			isa = XCBuildConfiguration;
			buildSettings = {
				ALWAYS_SEARCH_USER_PATHS = NO;
				ASSETCATALOG_COMPILER_GENERATE_SWIFT_ASSET_SYMBOL_EXTENSIONS = YES;
				CLANG_ANALYZER_NONNULL = YES;
				CLANG_ANALYZER_NUMBER_OBJECT_CONVERSION = YES_AGGRESSIVE;
				CLANG_CXX_LANGUAGE_STANDARD = "gnu++14";
				CLANG_CXX_LIBRARY = "libc++";
				CLANG_ENABLE_MODULES = YES;
				CLANG_ENABLE_OBJC_ARC = YES;
				CLANG_ENABLE_OBJC_WEAK = YES;
				CLANG_WARN_BLOCK_CAPTURE_AUTORELEASING = YES;
				CLANG_WARN_BOOL_CONVERSION = YES;
				CLANG_WARN_COMMA = YES;
				CLANG_WARN_CONSTANT_CONVERSION = YES;
				CLANG_WARN_DEPRECATED_OBJC_IMPLEMENTATIONS = YES;
				CLANG_WARN_DIRECT_OBJC_ISA_USAGE = YES_ERROR;
				CLANG_WARN_DOCUMENTATION_COMMENTS = YES;
				CLANG_WARN_EMPTY_BODY = YES;
				CLANG_WARN_ENUM_CONVERSION = YES;
				CLANG_WARN_INFINITE_RECURSION = YES;
				CLANG_WARN_INT_CONVERSION = YES;
				CLANG_WARN_NON_LITERAL_NULL_CONVERSION = YES;
				CLANG_WARN_OBJC_IMPLICIT_RETAIN_SELF = YES;
				CLANG_WARN_OBJC_LITERAL_CONVERSION = YES;
				CLANG_WARN_OBJC_ROOT_CLASS = YES_ERROR;
				CLANG_WARN_QUOTED_INCLUDE_IN_FRAMEWORK_HEADER = YES;
				CLANG_WARN_RANGE_LOOP_ANALYSIS = YES;
				CLANG_WARN_STRICT_PROTOTYPES = YES;
				CLANG_WARN_SUSPICIOUS_MOVE = YES;
				CLANG_WARN_UNGUARDED_AVAILABILITY = YES_AGGRESSIVE;
				CLANG_WARN_UNREACHABLE_CODE = YES;
				CLANG_WARN__DUPLICATE_METHOD_MATCH = YES;
				COPY_PHASE_STRIP = NO;
				DEAD_CODE_STRIPPING = YES;
				DEBUG_INFORMATION_FORMAT = dwarf;
				ENABLE_STRICT_OBJC_MSGSEND = YES;
				ENABLE_TESTABILITY = YES;
				ENABLE_USER_SCRIPT_SANDBOXING = YES;
				GCC_C_LANGUAGE_STANDARD = gnu11;
				GCC_DYNAMIC_NO_PIC = NO;
				GCC_NO_COMMON_BLOCKS = YES;
				GCC_OPTIMIZATION_LEVEL = 0;
				GCC_PREPROCESSOR_DEFINITIONS = (
					"DEBUG=1",
					"$(inherited)",
				);
				GCC_WARN_64_TO_32_BIT_CONVERSION = YES;
				GCC_WARN_ABOUT_RETURN_TYPE = YES_ERROR;
				GCC_WARN_UNDECLARED_SELECTOR = YES;
				GCC_WARN_UNINITIALIZED_AUTOS = YES_AGGRESSIVE;
				GCC_WARN_UNUSED_FUNCTION = YES;
				GCC_WARN_UNUSED_VARIABLE = YES;
				MTL_ENABLE_DEBUG_INFO = INCLUDE_SOURCE;
				MTL_FAST_MATH = YES;
				ONLY_ACTIVE_ARCH = YES;
				SWIFT_ACTIVE_COMPILATION_CONDITIONS = DEBUG;
				SWIFT_OPTIMIZATION_LEVEL = "-Onone";
			};
			name = Debug;
		};
		A6A2630424E0BCB30091EA92 /* Release */ = {
			isa = XCBuildConfiguration;
			buildSettings = {
				ALWAYS_SEARCH_USER_PATHS = NO;
				ASSETCATALOG_COMPILER_GENERATE_SWIFT_ASSET_SYMBOL_EXTENSIONS = YES;
				CLANG_ANALYZER_NONNULL = YES;
				CLANG_ANALYZER_NUMBER_OBJECT_CONVERSION = YES_AGGRESSIVE;
				CLANG_CXX_LANGUAGE_STANDARD = "gnu++14";
				CLANG_CXX_LIBRARY = "libc++";
				CLANG_ENABLE_MODULES = YES;
				CLANG_ENABLE_OBJC_ARC = YES;
				CLANG_ENABLE_OBJC_WEAK = YES;
				CLANG_WARN_BLOCK_CAPTURE_AUTORELEASING = YES;
				CLANG_WARN_BOOL_CONVERSION = YES;
				CLANG_WARN_COMMA = YES;
				CLANG_WARN_CONSTANT_CONVERSION = YES;
				CLANG_WARN_DEPRECATED_OBJC_IMPLEMENTATIONS = YES;
				CLANG_WARN_DIRECT_OBJC_ISA_USAGE = YES_ERROR;
				CLANG_WARN_DOCUMENTATION_COMMENTS = YES;
				CLANG_WARN_EMPTY_BODY = YES;
				CLANG_WARN_ENUM_CONVERSION = YES;
				CLANG_WARN_INFINITE_RECURSION = YES;
				CLANG_WARN_INT_CONVERSION = YES;
				CLANG_WARN_NON_LITERAL_NULL_CONVERSION = YES;
				CLANG_WARN_OBJC_IMPLICIT_RETAIN_SELF = YES;
				CLANG_WARN_OBJC_LITERAL_CONVERSION = YES;
				CLANG_WARN_OBJC_ROOT_CLASS = YES_ERROR;
				CLANG_WARN_QUOTED_INCLUDE_IN_FRAMEWORK_HEADER = YES;
				CLANG_WARN_RANGE_LOOP_ANALYSIS = YES;
				CLANG_WARN_STRICT_PROTOTYPES = YES;
				CLANG_WARN_SUSPICIOUS_MOVE = YES;
				CLANG_WARN_UNGUARDED_AVAILABILITY = YES_AGGRESSIVE;
				CLANG_WARN_UNREACHABLE_CODE = YES;
				CLANG_WARN__DUPLICATE_METHOD_MATCH = YES;
				COPY_PHASE_STRIP = NO;
				DEAD_CODE_STRIPPING = YES;
				DEBUG_INFORMATION_FORMAT = "dwarf-with-dsym";
				ENABLE_NS_ASSERTIONS = NO;
				ENABLE_STRICT_OBJC_MSGSEND = YES;
				ENABLE_USER_SCRIPT_SANDBOXING = YES;
				GCC_C_LANGUAGE_STANDARD = gnu11;
				GCC_NO_COMMON_BLOCKS = YES;
				GCC_WARN_64_TO_32_BIT_CONVERSION = YES;
				GCC_WARN_ABOUT_RETURN_TYPE = YES_ERROR;
				GCC_WARN_UNDECLARED_SELECTOR = YES;
				GCC_WARN_UNINITIALIZED_AUTOS = YES_AGGRESSIVE;
				GCC_WARN_UNUSED_FUNCTION = YES;
				GCC_WARN_UNUSED_VARIABLE = YES;
				MTL_ENABLE_DEBUG_INFO = NO;
				MTL_FAST_MATH = YES;
				SWIFT_COMPILATION_MODE = wholemodule;
				SWIFT_OPTIMIZATION_LEVEL = "-O";
			};
			name = Release;
		};
		A6A2630624E0BCB30091EA92 /* Debug */ = {
			isa = XCBuildConfiguration;
			buildSettings = {
				ASSETCATALOG_COMPILER_APPICON_NAME = AppIcon;
				ASSETCATALOG_COMPILER_GLOBAL_ACCENT_COLOR_NAME = AccentColor;
				CODE_SIGN_ENTITLEMENTS = Testing.entitlements;
				CODE_SIGN_STYLE = Automatic;
				DEVELOPMENT_TEAM = 29BB6CT754;
				ENABLE_PREVIEWS = YES;
				INFOPLIST_FILE = iOS/Info.plist;
				IPHONEOS_DEPLOYMENT_TARGET = 17.0;
				LD_RUNPATH_SEARCH_PATHS = (
					"$(inherited)",
					"@executable_path/Frameworks",
				);
				PRODUCT_BUNDLE_IDENTIFIER = com.rspoon3.Testing;
				PRODUCT_NAME = Testing;
				SDKROOT = iphoneos;
				SUPPORTS_MACCATALYST = YES;
				SUPPORTS_MAC_DESIGNED_FOR_IPHONE_IPAD = NO;
				SWIFT_VERSION = 5.0;
				TARGETED_DEVICE_FAMILY = "1,2,6";
			};
			name = Debug;
		};
		A6A2630724E0BCB30091EA92 /* Release */ = {
			isa = XCBuildConfiguration;
			buildSettings = {
				ASSETCATALOG_COMPILER_APPICON_NAME = AppIcon;
				ASSETCATALOG_COMPILER_GLOBAL_ACCENT_COLOR_NAME = AccentColor;
				CODE_SIGN_ENTITLEMENTS = Testing.entitlements;
				CODE_SIGN_STYLE = Automatic;
				DEVELOPMENT_TEAM = 29BB6CT754;
				ENABLE_PREVIEWS = YES;
				INFOPLIST_FILE = iOS/Info.plist;
				IPHONEOS_DEPLOYMENT_TARGET = 17.0;
				LD_RUNPATH_SEARCH_PATHS = (
					"$(inherited)",
					"@executable_path/Frameworks",
				);
				PRODUCT_BUNDLE_IDENTIFIER = com.rspoon3.Testing;
				PRODUCT_NAME = Testing;
				SDKROOT = iphoneos;
				SUPPORTS_MACCATALYST = YES;
				SUPPORTS_MAC_DESIGNED_FOR_IPHONE_IPAD = NO;
				SWIFT_VERSION = 5.0;
				TARGETED_DEVICE_FAMILY = "1,2,6";
				VALIDATE_PRODUCT = YES;
			};
			name = Release;
		};
		A6A2630924E0BCB30091EA92 /* Debug */ = {
			isa = XCBuildConfiguration;
			buildSettings = {
				ASSETCATALOG_COMPILER_APPICON_NAME = AppIcon;
				ASSETCATALOG_COMPILER_GLOBAL_ACCENT_COLOR_NAME = AccentColor;
				CODE_SIGN_ENTITLEMENTS = macOS/macOS.entitlements;
				CODE_SIGN_IDENTITY = "-";
				CODE_SIGN_STYLE = Automatic;
				COMBINE_HIDPI_IMAGES = YES;
				DEAD_CODE_STRIPPING = YES;
				DEVELOPMENT_TEAM = 29BB6CT754;
				ENABLE_HARDENED_RUNTIME = YES;
				ENABLE_PREVIEWS = YES;
				INFOPLIST_FILE = macOS/Info.plist;
				LD_RUNPATH_SEARCH_PATHS = (
					"$(inherited)",
					"@executable_path/../Frameworks",
				);
				MACOSX_DEPLOYMENT_TARGET = 11.0;
				PRODUCT_BUNDLE_IDENTIFIER = com.rspoon3.Testing;
				PRODUCT_NAME = Testing;
				SDKROOT = macosx;
				SWIFT_VERSION = 5.0;
			};
			name = Debug;
		};
		A6A2630A24E0BCB30091EA92 /* Release */ = {
			isa = XCBuildConfiguration;
			buildSettings = {
				ASSETCATALOG_COMPILER_APPICON_NAME = AppIcon;
				ASSETCATALOG_COMPILER_GLOBAL_ACCENT_COLOR_NAME = AccentColor;
				CODE_SIGN_ENTITLEMENTS = macOS/macOS.entitlements;
				CODE_SIGN_IDENTITY = "-";
				CODE_SIGN_STYLE = Automatic;
				COMBINE_HIDPI_IMAGES = YES;
				DEAD_CODE_STRIPPING = YES;
				DEVELOPMENT_TEAM = 29BB6CT754;
				ENABLE_HARDENED_RUNTIME = YES;
				ENABLE_PREVIEWS = YES;
				INFOPLIST_FILE = macOS/Info.plist;
				LD_RUNPATH_SEARCH_PATHS = (
					"$(inherited)",
					"@executable_path/../Frameworks",
				);
				MACOSX_DEPLOYMENT_TARGET = 11.0;
				PRODUCT_BUNDLE_IDENTIFIER = com.rspoon3.Testing;
				PRODUCT_NAME = Testing;
				SDKROOT = macosx;
				SWIFT_VERSION = 5.0;
			};
			name = Release;
		};
/* End XCBuildConfiguration section */

/* Begin XCConfigurationList section */
		94E2B2932CCFE0EF00FD18A1 /* Build configuration list for PBXNativeTarget "TestingTests" */ = {
			isa = XCConfigurationList;
			buildConfigurations = (
				94E2B2942CCFE0EF00FD18A1 /* Debug */,
				94E2B2952CCFE0EF00FD18A1 /* Release */,
			);
			defaultConfigurationIsVisible = 0;
			defaultConfigurationName = Release;
		};
		A6A262D224E0BCB20091EA92 /* Build configuration list for PBXProject "Testing" */ = {
			isa = XCConfigurationList;
			buildConfigurations = (
				A6A2630324E0BCB30091EA92 /* Debug */,
				A6A2630424E0BCB30091EA92 /* Release */,
			);
			defaultConfigurationIsVisible = 0;
			defaultConfigurationName = Release;
		};
		A6A2630524E0BCB30091EA92 /* Build configuration list for PBXNativeTarget "Testing (iOS)" */ = {
			isa = XCConfigurationList;
			buildConfigurations = (
				A6A2630624E0BCB30091EA92 /* Debug */,
				A6A2630724E0BCB30091EA92 /* Release */,
			);
			defaultConfigurationIsVisible = 0;
			defaultConfigurationName = Release;
		};
		A6A2630824E0BCB30091EA92 /* Build configuration list for PBXNativeTarget "Testing (macOS)" */ = {
			isa = XCConfigurationList;
			buildConfigurations = (
				A6A2630924E0BCB30091EA92 /* Debug */,
				A6A2630A24E0BCB30091EA92 /* Release */,
			);
			defaultConfigurationIsVisible = 0;
			defaultConfigurationName = Release;
		};
/* End XCConfigurationList section */

/* Begin XCRemoteSwiftPackageReference section */
		942EB1F42CD07721006D4F0F /* XCRemoteSwiftPackageReference "PhoneNumberKit" */ = {
			isa = XCRemoteSwiftPackageReference;
			repositoryURL = "https://github.com/marmelroy/PhoneNumberKit";
			requirement = {
				kind = upToNextMajorVersion;
				minimumVersion = 4.0.0;
			};
		};
/* End XCRemoteSwiftPackageReference section */

/* Begin XCSwiftPackageProductDependency section */
		942EB1F52CD0774B006D4F0F /* PhoneNumberKit */ = {
			isa = XCSwiftPackageProductDependency;
			package = 942EB1F42CD07721006D4F0F /* XCRemoteSwiftPackageReference "PhoneNumberKit" */;
			productName = PhoneNumberKit;
		};
/* End XCSwiftPackageProductDependency section */
	};
	rootObject = A6A262CF24E0BCB20091EA92 /* Project object */;
}
