// !$*UTF8*$!
{
	archiveVersion = 1;
	classes = {
	};
	objectVersion = 70;
	objects = {

/* Begin PBXBuildFile section */
		946A75FD2CFBF77400742103 /* RSWTools in Frameworks */ = {isa = PBXBuildFile; productRef = 946A75FC2CFBF77400742103 /* RSWTools */; };
		946A75FF2CFBF79000742103 /* states.json in Resources */ = {isa = PBXBuildFile; fileRef = 946A75FE2CFBF79000742103 /* states.json */; };
		946A76012CFBF7BD00742103 /* USState.swift in Sources */ = {isa = PBXBuildFile; fileRef = 946A76002CFBF7BD00742103 /* USState.swift */; };
		946A76032CFBFFDE00742103 /* PlatesDetailsView.swift in Sources */ = {isa = PBXBuildFile; fileRef = 946A76022CFBFFDE00742103 /* PlatesDetailsView.swift */; };
		946A76512CFC001B00742103 /* BackDeployedMatchedTransitionSource.swift in Sources */ = {isa = PBXBuildFile; fileRef = 946A76502CFC001B00742103 /* BackDeployedMatchedTransitionSource.swift */; };
		946A773D2CFC148000742103 /* Vortex in Frameworks */ = {isa = PBXBuildFile; productRef = 946A773C2CFC148000742103 /* Vortex */; };
		946A773F2CFC1E2000742103 /* ConfettiView.swift in Sources */ = {isa = PBXBuildFile; fileRef = 946A773E2CFC1E2000742103 /* ConfettiView.swift */; };
		946A77412CFC229F00742103 /* SortType.swift in Sources */ = {isa = PBXBuildFile; fileRef = 946A77402CFC229F00742103 /* SortType.swift */; };
		946A77432CFC284A00742103 /* HeaderView.swift in Sources */ = {isa = PBXBuildFile; fileRef = 946A77422CFC284A00742103 /* HeaderView.swift */; };
		946A77452CFC285B00742103 /* PlatesViewViewModel.swift in Sources */ = {isa = PBXBuildFile; fileRef = 946A77442CFC285B00742103 /* PlatesViewViewModel.swift */; };
		946A777F2CFC2C1000742103 /* PlateCell.swift in Sources */ = {isa = PBXBuildFile; fileRef = 946A777E2CFC2C1000742103 /* PlateCell.swift */; };
		946A778D2CFC2DE200742103 /* MapView.swift in Sources */ = {isa = PBXBuildFile; fileRef = 946A778C2CFC2DE200742103 /* MapView.swift */; };
		946A778F2CFC2F7700742103 /* PrivacyScreen.swift in Sources */ = {isa = PBXBuildFile; fileRef = 946A778E2CFC2F7700742103 /* PrivacyScreen.swift */; };
		946A77912CFC39B400742103 /* Trip.swift in Sources */ = {isa = PBXBuildFile; fileRef = 946A77902CFC39B400742103 /* Trip.swift */; };
		946A77932CFC3B9600742103 /* CoolNewTripForm.swift in Sources */ = {isa = PBXBuildFile; fileRef = 946A77922CFC3B9600742103 /* CoolNewTripForm.swift */; };
		946A77952CFC3D2B00742103 /* CoolTripView.swift in Sources */ = {isa = PBXBuildFile; fileRef = 946A77942CFC3D2B00742103 /* CoolTripView.swift */; };
		946A77972CFC3E4200742103 /* GamifiedTripView.swift in Sources */ = {isa = PBXBuildFile; fileRef = 946A77962CFC3E4200742103 /* GamifiedTripView.swift */; };
		A6A262FD24E0BCB30091EA92 /* TestingApp.swift in Sources */ = {isa = PBXBuildFile; fileRef = A6A262D424E0BCB20091EA92 /* TestingApp.swift */; };
		A6A262FF24E0BCB30091EA92 /* PlatesView.swift in Sources */ = {isa = PBXBuildFile; fileRef = A6A262D524E0BCB20091EA92 /* PlatesView.swift */; };
		A6A2630124E0BCB30091EA92 /* Assets.xcassets in Resources */ = {isa = PBXBuildFile; fileRef = A6A262D624E0BCB30091EA92 /* Assets.xcassets */; };
/* End PBXBuildFile section */

/* Begin PBXFileReference section */
		946A75FE2CFBF79000742103 /* states.json */ = {isa = PBXFileReference; lastKnownFileType = text.json; path = states.json; sourceTree = "<group>"; };
		946A76002CFBF7BD00742103 /* USState.swift */ = {isa = PBXFileReference; lastKnownFileType = sourcecode.swift; path = USState.swift; sourceTree = "<group>"; };
		946A76022CFBFFDE00742103 /* PlatesDetailsView.swift */ = {isa = PBXFileReference; lastKnownFileType = sourcecode.swift; path = PlatesDetailsView.swift; sourceTree = "<group>"; };
		946A76502CFC001B00742103 /* BackDeployedMatchedTransitionSource.swift */ = {isa = PBXFileReference; lastKnownFileType = sourcecode.swift; path = BackDeployedMatchedTransitionSource.swift; sourceTree = "<group>"; };
		946A773E2CFC1E2000742103 /* ConfettiView.swift */ = {isa = PBXFileReference; lastKnownFileType = sourcecode.swift; path = ConfettiView.swift; sourceTree = "<group>"; };
		946A77402CFC229F00742103 /* SortType.swift */ = {isa = PBXFileReference; lastKnownFileType = sourcecode.swift; path = SortType.swift; sourceTree = "<group>"; };
		946A77422CFC284A00742103 /* HeaderView.swift */ = {isa = PBXFileReference; lastKnownFileType = sourcecode.swift; path = HeaderView.swift; sourceTree = "<group>"; };
		946A77442CFC285B00742103 /* PlatesViewViewModel.swift */ = {isa = PBXFileReference; lastKnownFileType = sourcecode.swift; path = PlatesViewViewModel.swift; sourceTree = "<group>"; };
		946A777E2CFC2C1000742103 /* PlateCell.swift */ = {isa = PBXFileReference; lastKnownFileType = sourcecode.swift; path = PlateCell.swift; sourceTree = "<group>"; };
		946A778C2CFC2DE200742103 /* MapView.swift */ = {isa = PBXFileReference; lastKnownFileType = sourcecode.swift; path = MapView.swift; sourceTree = "<group>"; };
		946A778E2CFC2F7700742103 /* PrivacyScreen.swift */ = {isa = PBXFileReference; lastKnownFileType = sourcecode.swift; path = PrivacyScreen.swift; sourceTree = "<group>"; };
		946A77902CFC39B400742103 /* Trip.swift */ = {isa = PBXFileReference; lastKnownFileType = sourcecode.swift; path = Trip.swift; sourceTree = "<group>"; };
		946A77922CFC3B9600742103 /* CoolNewTripForm.swift */ = {isa = PBXFileReference; lastKnownFileType = sourcecode.swift; path = CoolNewTripForm.swift; sourceTree = "<group>"; };
		946A77942CFC3D2B00742103 /* CoolTripView.swift */ = {isa = PBXFileReference; lastKnownFileType = sourcecode.swift; path = CoolTripView.swift; sourceTree = "<group>"; };
		946A77962CFC3E4200742103 /* GamifiedTripView.swift */ = {isa = PBXFileReference; lastKnownFileType = sourcecode.swift; path = GamifiedTripView.swift; sourceTree = "<group>"; };
		A6A0310D266EBC6D001CBE2A /* Testing.entitlements */ = {isa = PBXFileReference; lastKnownFileType = text.plist.entitlements; path = Testing.entitlements; sourceTree = "<group>"; };
		A6A262D424E0BCB20091EA92 /* TestingApp.swift */ = {isa = PBXFileReference; lastKnownFileType = sourcecode.swift; path = TestingApp.swift; sourceTree = "<group>"; };
		A6A262D524E0BCB20091EA92 /* PlatesView.swift */ = {isa = PBXFileReference; lastKnownFileType = sourcecode.swift; path = PlatesView.swift; sourceTree = "<group>"; };
		A6A262D624E0BCB30091EA92 /* Assets.xcassets */ = {isa = PBXFileReference; lastKnownFileType = folder.assetcatalog; path = Assets.xcassets; sourceTree = "<group>"; };
		A6A262DB24E0BCB30091EA92 /* Testing.app */ = {isa = PBXFileReference; explicitFileType = wrapper.application; includeInIndex = 0; path = Testing.app; sourceTree = BUILT_PRODUCTS_DIR; };
		A6A262DE24E0BCB30091EA92 /* Info.plist */ = {isa = PBXFileReference; lastKnownFileType = text.plist.xml; path = Info.plist; sourceTree = "<group>"; };
/* End PBXFileReference section */

/* Begin PBXFileSystemSynchronizedRootGroup section */
		946A777B2CFC2B0E00742103 /* ReviewManger */ = {isa = PBXFileSystemSynchronizedRootGroup; explicitFileTypes = {}; explicitFolders = (); path = ReviewManger; sourceTree = "<group>"; };
/* End PBXFileSystemSynchronizedRootGroup section */

/* Begin PBXFrameworksBuildPhase section */
		A6A262D824E0BCB30091EA92 /* Frameworks */ = {
			isa = PBXFrameworksBuildPhase;
			buildActionMask = 2147483647;
			files = (
				946A773D2CFC148000742103 /* Vortex in Frameworks */,
				946A75FD2CFBF77400742103 /* RSWTools in Frameworks */,
			);
			runOnlyForDeploymentPostprocessing = 0;
		};
/* End PBXFrameworksBuildPhase section */

/* Begin PBXGroup section */
		9416F28C2BF5AF1B00028457 /* Frameworks */ = {
			isa = PBXGroup;
			children = (
			);
			name = Frameworks;
			sourceTree = "<group>";
		};
		A6A262CE24E0BCB20091EA92 = {
			isa = PBXGroup;
			children = (
				A6A0310D266EBC6D001CBE2A /* Testing.entitlements */,
				A6A262D324E0BCB20091EA92 /* Shared */,
				A6A262DD24E0BCB30091EA92 /* iOS */,
				A6A262DC24E0BCB30091EA92 /* Products */,
				9416F28C2BF5AF1B00028457 /* Frameworks */,
			);
			sourceTree = "<group>";
		};
		A6A262D324E0BCB20091EA92 /* Shared */ = {
			isa = PBXGroup;
			children = (
				946A75FE2CFBF79000742103 /* states.json */,
				A6A262D424E0BCB20091EA92 /* TestingApp.swift */,
				946A77962CFC3E4200742103 /* GamifiedTripView.swift */,
				946A778C2CFC2DE200742103 /* MapView.swift */,
				946A778E2CFC2F7700742103 /* PrivacyScreen.swift */,
				946A76022CFBFFDE00742103 /* PlatesDetailsView.swift */,
				946A777B2CFC2B0E00742103 /* ReviewManger */,
				946A773E2CFC1E2000742103 /* ConfettiView.swift */,
				A6A262D524E0BCB20091EA92 /* PlatesView.swift */,
				946A77902CFC39B400742103 /* Trip.swift */,
				946A77942CFC3D2B00742103 /* CoolTripView.swift */,
				946A77922CFC3B9600742103 /* CoolNewTripForm.swift */,
				946A777E2CFC2C1000742103 /* PlateCell.swift */,
				946A77442CFC285B00742103 /* PlatesViewViewModel.swift */,
				946A77422CFC284A00742103 /* HeaderView.swift */,
				946A77402CFC229F00742103 /* SortType.swift */,
				946A76502CFC001B00742103 /* BackDeployedMatchedTransitionSource.swift */,
				946A76002CFBF7BD00742103 /* USState.swift */,
				A6A262D624E0BCB30091EA92 /* Assets.xcassets */,
			);
			path = Shared;
			sourceTree = "<group>";
		};
		A6A262DC24E0BCB30091EA92 /* Products */ = {
			isa = PBXGroup;
			children = (
				A6A262DB24E0BCB30091EA92 /* Testing.app */,
			);
			name = Products;
			sourceTree = "<group>";
		};
		A6A262DD24E0BCB30091EA92 /* iOS */ = {
			isa = PBXGroup;
			children = (
				A6A262DE24E0BCB30091EA92 /* Info.plist */,
			);
			path = iOS;
			sourceTree = "<group>";
		};
/* End PBXGroup section */

/* Begin PBXNativeTarget section */
		A6A262DA24E0BCB30091EA92 /* Testing (iOS) */ = {
			isa = PBXNativeTarget;
			buildConfigurationList = A6A2630524E0BCB30091EA92 /* Build configuration list for PBXNativeTarget "Testing (iOS)" */;
			buildPhases = (
				A6A262D724E0BCB30091EA92 /* Sources */,
				A6A262D824E0BCB30091EA92 /* Frameworks */,
				A6A262D924E0BCB30091EA92 /* Resources */,
			);
			buildRules = (
			);
			dependencies = (
			);
			fileSystemSynchronizedGroups = (
				946A777B2CFC2B0E00742103 /* ReviewManger */,
			);
			name = "Testing (iOS)";
			productName = "Testing (iOS)";
			productReference = A6A262DB24E0BCB30091EA92 /* Testing.app */;
			productType = "com.apple.product-type.application";
		};
/* End PBXNativeTarget section */

/* Begin PBXProject section */
		A6A262CF24E0BCB20091EA92 /* Project object */ = {
			isa = PBXProject;
			attributes = {
				BuildIndependentTargetsInParallel = YES;
				LastSwiftUpdateCheck = 1200;
				LastUpgradeCheck = 1500;
				TargetAttributes = {
					A6A262DA24E0BCB30091EA92 = {
						CreatedOnToolsVersion = 12.0;
					};
				};
			};
			buildConfigurationList = A6A262D224E0BCB20091EA92 /* Build configuration list for PBXProject "Testing" */;
			compatibilityVersion = "Xcode 9.3";
			developmentRegion = en;
			hasScannedForEncodings = 0;
			knownRegions = (
				en,
				Base,
			);
			mainGroup = A6A262CE24E0BCB20091EA92;
			packageReferences = (
				946A75FB2CFBF77400742103 /* XCRemoteSwiftPackageReference "RSWTools" */,
				946A773B2CFC148000742103 /* XCRemoteSwiftPackageReference "Vortex" */,
			);
			productRefGroup = A6A262DC24E0BCB30091EA92 /* Products */;
			projectDirPath = "";
			projectRoot = "";
			targets = (
				A6A262DA24E0BCB30091EA92 /* Testing (iOS) */,
			);
		};
/* End PBXProject section */

/* Begin PBXResourcesBuildPhase section */
		A6A262D924E0BCB30091EA92 /* Resources */ = {
			isa = PBXResourcesBuildPhase;
			buildActionMask = 2147483647;
			files = (
				A6A2630124E0BCB30091EA92 /* Assets.xcassets in Resources */,
				946A75FF2CFBF79000742103 /* states.json in Resources */,
			);
			runOnlyForDeploymentPostprocessing = 0;
		};
/* End PBXResourcesBuildPhase section */

/* Begin PBXSourcesBuildPhase section */
		A6A262D724E0BCB30091EA92 /* Sources */ = {
			isa = PBXSourcesBuildPhase;
			buildActionMask = 2147483647;
			files = (
				946A77912CFC39B400742103 /* Trip.swift in Sources */,
				946A778F2CFC2F7700742103 /* PrivacyScreen.swift in Sources */,
				946A777F2CFC2C1000742103 /* PlateCell.swift in Sources */,
				946A773F2CFC1E2000742103 /* ConfettiView.swift in Sources */,
				946A77952CFC3D2B00742103 /* CoolTripView.swift in Sources */,
				946A76512CFC001B00742103 /* BackDeployedMatchedTransitionSource.swift in Sources */,
				946A76032CFBFFDE00742103 /* PlatesDetailsView.swift in Sources */,
				946A778D2CFC2DE200742103 /* MapView.swift in Sources */,
				946A77452CFC285B00742103 /* PlatesViewViewModel.swift in Sources */,
				946A77932CFC3B9600742103 /* CoolNewTripForm.swift in Sources */,
				946A77412CFC229F00742103 /* SortType.swift in Sources */,
				946A76012CFBF7BD00742103 /* USState.swift in Sources */,
				A6A262FF24E0BCB30091EA92 /* PlatesView.swift in Sources */,
				946A77972CFC3E4200742103 /* GamifiedTripView.swift in Sources */,
				A6A262FD24E0BCB30091EA92 /* TestingApp.swift in Sources */,
				946A77432CFC284A00742103 /* HeaderView.swift in Sources */,
			);
			runOnlyForDeploymentPostprocessing = 0;
		};
/* End PBXSourcesBuildPhase section */

/* Begin XCBuildConfiguration section */
		A6A2630324E0BCB30091EA92 /* Debug */ = {
			isa = XCBuildConfiguration;
			buildSettings = {
				ALWAYS_SEARCH_USER_PATHS = NO;
				ASSETCATALOG_COMPILER_GENERATE_SWIFT_ASSET_SYMBOL_EXTENSIONS = YES;
				CLANG_ANALYZER_NONNULL = YES;
				CLANG_ANALYZER_NUMBER_OBJECT_CONVERSION = YES_AGGRESSIVE;
				CLANG_CXX_LANGUAGE_STANDARD = "gnu++14";
				CLANG_CXX_LIBRARY = "libc++";
				CLANG_ENABLE_MODULES = YES;
				CLANG_ENABLE_OBJC_ARC = YES;
				CLANG_ENABLE_OBJC_WEAK = YES;
				CLANG_WARN_BLOCK_CAPTURE_AUTORELEASING = YES;
				CLANG_WARN_BOOL_CONVERSION = YES;
				CLANG_WARN_COMMA = YES;
				CLANG_WARN_CONSTANT_CONVERSION = YES;
				CLANG_WARN_DEPRECATED_OBJC_IMPLEMENTATIONS = YES;
				CLANG_WARN_DIRECT_OBJC_ISA_USAGE = YES_ERROR;
				CLANG_WARN_DOCUMENTATION_COMMENTS = YES;
				CLANG_WARN_EMPTY_BODY = YES;
				CLANG_WARN_ENUM_CONVERSION = YES;
				CLANG_WARN_INFINITE_RECURSION = YES;
				CLANG_WARN_INT_CONVERSION = YES;
				CLANG_WARN_NON_LITERAL_NULL_CONVERSION = YES;
				CLANG_WARN_OBJC_IMPLICIT_RETAIN_SELF = YES;
				CLANG_WARN_OBJC_LITERAL_CONVERSION = YES;
				CLANG_WARN_OBJC_ROOT_CLASS = YES_ERROR;
				CLANG_WARN_QUOTED_INCLUDE_IN_FRAMEWORK_HEADER = YES;
				CLANG_WARN_RANGE_LOOP_ANALYSIS = YES;
				CLANG_WARN_STRICT_PROTOTYPES = YES;
				CLANG_WARN_SUSPICIOUS_MOVE = YES;
				CLANG_WARN_UNGUARDED_AVAILABILITY = YES_AGGRESSIVE;
				CLANG_WARN_UNREACHABLE_CODE = YES;
				CLANG_WARN__DUPLICATE_METHOD_MATCH = YES;
				COPY_PHASE_STRIP = NO;
				DEAD_CODE_STRIPPING = YES;
				DEBUG_INFORMATION_FORMAT = dwarf;
				ENABLE_STRICT_OBJC_MSGSEND = YES;
				ENABLE_TESTABILITY = YES;
				ENABLE_USER_SCRIPT_SANDBOXING = YES;
				GCC_C_LANGUAGE_STANDARD = gnu11;
				GCC_DYNAMIC_NO_PIC = NO;
				GCC_NO_COMMON_BLOCKS = YES;
				GCC_OPTIMIZATION_LEVEL = 0;
				GCC_PREPROCESSOR_DEFINITIONS = (
					"DEBUG=1",
					"$(inherited)",
				);
				GCC_WARN_64_TO_32_BIT_CONVERSION = YES;
				GCC_WARN_ABOUT_RETURN_TYPE = YES_ERROR;
				GCC_WARN_UNDECLARED_SELECTOR = YES;
				GCC_WARN_UNINITIALIZED_AUTOS = YES_AGGRESSIVE;
				GCC_WARN_UNUSED_FUNCTION = YES;
				GCC_WARN_UNUSED_VARIABLE = YES;
				MTL_ENABLE_DEBUG_INFO = INCLUDE_SOURCE;
				MTL_FAST_MATH = YES;
				ONLY_ACTIVE_ARCH = YES;
				SWIFT_ACTIVE_COMPILATION_CONDITIONS = DEBUG;
				SWIFT_OPTIMIZATION_LEVEL = "-Onone";
			};
			name = Debug;
		};
		A6A2630424E0BCB30091EA92 /* Release */ = {
			isa = XCBuildConfiguration;
			buildSettings = {
				ALWAYS_SEARCH_USER_PATHS = NO;
				ASSETCATALOG_COMPILER_GENERATE_SWIFT_ASSET_SYMBOL_EXTENSIONS = YES;
				CLANG_ANALYZER_NONNULL = YES;
				CLANG_ANALYZER_NUMBER_OBJECT_CONVERSION = YES_AGGRESSIVE;
				CLANG_CXX_LANGUAGE_STANDARD = "gnu++14";
				CLANG_CXX_LIBRARY = "libc++";
				CLANG_ENABLE_MODULES = YES;
				CLANG_ENABLE_OBJC_ARC = YES;
				CLANG_ENABLE_OBJC_WEAK = YES;
				CLANG_WARN_BLOCK_CAPTURE_AUTORELEASING = YES;
				CLANG_WARN_BOOL_CONVERSION = YES;
				CLANG_WARN_COMMA = YES;
				CLANG_WARN_CONSTANT_CONVERSION = YES;
				CLANG_WARN_DEPRECATED_OBJC_IMPLEMENTATIONS = YES;
				CLANG_WARN_DIRECT_OBJC_ISA_USAGE = YES_ERROR;
				CLANG_WARN_DOCUMENTATION_COMMENTS = YES;
				CLANG_WARN_EMPTY_BODY = YES;
				CLANG_WARN_ENUM_CONVERSION = YES;
				CLANG_WARN_INFINITE_RECURSION = YES;
				CLANG_WARN_INT_CONVERSION = YES;
				CLANG_WARN_NON_LITERAL_NULL_CONVERSION = YES;
				CLANG_WARN_OBJC_IMPLICIT_RETAIN_SELF = YES;
				CLANG_WARN_OBJC_LITERAL_CONVERSION = YES;
				CLANG_WARN_OBJC_ROOT_CLASS = YES_ERROR;
				CLANG_WARN_QUOTED_INCLUDE_IN_FRAMEWORK_HEADER = YES;
				CLANG_WARN_RANGE_LOOP_ANALYSIS = YES;
				CLANG_WARN_STRICT_PROTOTYPES = YES;
				CLANG_WARN_SUSPICIOUS_MOVE = YES;
				CLANG_WARN_UNGUARDED_AVAILABILITY = YES_AGGRESSIVE;
				CLANG_WARN_UNREACHABLE_CODE = YES;
				CLANG_WARN__DUPLICATE_METHOD_MATCH = YES;
				COPY_PHASE_STRIP = NO;
				DEAD_CODE_STRIPPING = YES;
				DEBUG_INFORMATION_FORMAT = "dwarf-with-dsym";
				ENABLE_NS_ASSERTIONS = NO;
				ENABLE_STRICT_OBJC_MSGSEND = YES;
				ENABLE_USER_SCRIPT_SANDBOXING = YES;
				GCC_C_LANGUAGE_STANDARD = gnu11;
				GCC_NO_COMMON_BLOCKS = YES;
				GCC_WARN_64_TO_32_BIT_CONVERSION = YES;
				GCC_WARN_ABOUT_RETURN_TYPE = YES_ERROR;
				GCC_WARN_UNDECLARED_SELECTOR = YES;
				GCC_WARN_UNINITIALIZED_AUTOS = YES_AGGRESSIVE;
				GCC_WARN_UNUSED_FUNCTION = YES;
				GCC_WARN_UNUSED_VARIABLE = YES;
				MTL_ENABLE_DEBUG_INFO = NO;
				MTL_FAST_MATH = YES;
				SWIFT_COMPILATION_MODE = wholemodule;
				SWIFT_OPTIMIZATION_LEVEL = "-O";
			};
			name = Release;
		};
		A6A2630624E0BCB30091EA92 /* Debug */ = {
			isa = XCBuildConfiguration;
			buildSettings = {
				ASSETCATALOG_COMPILER_APPICON_NAME = AppIcon;
				ASSETCATALOG_COMPILER_GLOBAL_ACCENT_COLOR_NAME = AccentColor;
				CODE_SIGN_ENTITLEMENTS = Testing.entitlements;
				CODE_SIGN_STYLE = Automatic;
				DEVELOPMENT_TEAM = 29BB6CT754;
				ENABLE_PREVIEWS = YES;
				INFOPLIST_FILE = iOS/Info.plist;
				IPHONEOS_DEPLOYMENT_TARGET = 17.0;
				LD_RUNPATH_SEARCH_PATHS = (
					"$(inherited)",
					"@executable_path/Frameworks",
				);
				PRODUCT_BUNDLE_IDENTIFIER = com.rspoon3.Testing;
				PRODUCT_NAME = Testing;
				SDKROOT = iphoneos;
				SUPPORTS_MACCATALYST = YES;
				SUPPORTS_MAC_DESIGNED_FOR_IPHONE_IPAD = NO;
				SWIFT_VERSION = 5.0;
				TARGETED_DEVICE_FAMILY = "1,2,6";
			};
			name = Debug;
		};
		A6A2630724E0BCB30091EA92 /* Release */ = {
			isa = XCBuildConfiguration;
			buildSettings = {
				ASSETCATALOG_COMPILER_APPICON_NAME = AppIcon;
				ASSETCATALOG_COMPILER_GLOBAL_ACCENT_COLOR_NAME = AccentColor;
				CODE_SIGN_ENTITLEMENTS = Testing.entitlements;
				CODE_SIGN_STYLE = Automatic;
				DEVELOPMENT_TEAM = 29BB6CT754;
				ENABLE_PREVIEWS = YES;
				INFOPLIST_FILE = iOS/Info.plist;
				IPHONEOS_DEPLOYMENT_TARGET = 17.0;
				LD_RUNPATH_SEARCH_PATHS = (
					"$(inherited)",
					"@executable_path/Frameworks",
				);
				PRODUCT_BUNDLE_IDENTIFIER = com.rspoon3.Testing;
				PRODUCT_NAME = Testing;
				SDKROOT = iphoneos;
				SUPPORTS_MACCATALYST = YES;
				SUPPORTS_MAC_DESIGNED_FOR_IPHONE_IPAD = NO;
				SWIFT_VERSION = 5.0;
				TARGETED_DEVICE_FAMILY = "1,2,6";
				VALIDATE_PRODUCT = YES;
			};
			name = Release;
		};
/* End XCBuildConfiguration section */

/* Begin XCConfigurationList section */
		A6A262D224E0BCB20091EA92 /* Build configuration list for PBXProject "Testing" */ = {
			isa = XCConfigurationList;
			buildConfigurations = (
				A6A2630324E0BCB30091EA92 /* Debug */,
				A6A2630424E0BCB30091EA92 /* Release */,
			);
			defaultConfigurationIsVisible = 0;
			defaultConfigurationName = Release;
		};
		A6A2630524E0BCB30091EA92 /* Build configuration list for PBXNativeTarget "Testing (iOS)" */ = {
			isa = XCConfigurationList;
			buildConfigurations = (
				A6A2630624E0BCB30091EA92 /* Debug */,
				A6A2630724E0BCB30091EA92 /* Release */,
			);
			defaultConfigurationIsVisible = 0;
			defaultConfigurationName = Release;
		};
/* End XCConfigurationList section */

/* Begin XCRemoteSwiftPackageReference section */
		946A75FB2CFBF77400742103 /* XCRemoteSwiftPackageReference "RSWTools" */ = {
			isa = XCRemoteSwiftPackageReference;
			repositoryURL = "https://github.com/Rspoon3/RSWTools.git";
			requirement = {
				kind = exactVersion;
				version = 3.1.0;
			};
		};
		946A773B2CFC148000742103 /* XCRemoteSwiftPackageReference "Vortex" */ = {
			isa = XCRemoteSwiftPackageReference;
			repositoryURL = "https://github.com/twostraws/Vortex";
			requirement = {
				kind = exactVersion;
				version = 1.0.1;
			};
		};
/* End XCRemoteSwiftPackageReference section */

/* Begin XCSwiftPackageProductDependency section */
		946A75FC2CFBF77400742103 /* RSWTools */ = {
			isa = XCSwiftPackageProductDependency;
			package = 946A75FB2CFBF77400742103 /* XCRemoteSwiftPackageReference "RSWTools" */;
			productName = RSWTools;
		};
		946A773C2CFC148000742103 /* Vortex */ = {
			isa = XCSwiftPackageProductDependency;
			package = 946A773B2CFC148000742103 /* XCRemoteSwiftPackageReference "Vortex" */;
			productName = Vortex;
		};
/* End XCSwiftPackageProductDependency section */
	};
	rootObject = A6A262CF24E0BCB20091EA92 /* Project object */;
}
