// !$*UTF8*$!
{
	archiveVersion = 1;
	classes = {
	};
	objectVersion = 77;
	objects = {

/* Begin PBXBuildFile section */
		94D001012F25800000000001 /* SFSymbols in Frameworks */ = {isa = PBXBuildFile; productRef = 94D001002F25800000000001 /* SFSymbols */; };
		94D001032F25800000000002 /* SwiftTools in Frameworks */ = {isa = PBXBuildFile; productRef = 94D001022F25800000000002 /* SwiftTools */; };
		94D001052F25800000000003 /* SwiftPurchase in Frameworks */ = {isa = PBXBuildFile; productRef = 94D001042F25800000000003 /* SwiftPurchase */; };
/* End PBXBuildFile section */

/* Begin PBXContainerItemProxy section */
		9483721C2EAE6B2F0094674D /* PBXContainerItemProxy */ = {
			isa = PBXContainerItemProxy;
			containerPortal = 948372062EAE6B2E0094674D /* Project object */;
			proxyType = 1;
			remoteGlobalIDString = 9483720D2EAE6B2E0094674D;
			remoteInfo = TestDrive;
		};
/* End PBXContainerItemProxy section */

/* Begin PBXFileReference section */
		9458BC9F2F25850A00F69095 /* TestDriveHome */ = {isa = PBXFileReference; lastKnownFileType = wrapper; path = TestDriveHome; sourceTree = "<group>"; };
		9458BCA02F25850A00F69095 /* TestDrivePersistence */ = {isa = PBXFileReference; lastKnownFileType = wrapper; path = TestDrivePersistence; sourceTree = "<group>"; };
		9483720E2EAE6B2E0094674D /* TestDrive.app */ = {isa = PBXFileReference; explicitFileType = wrapper.application; includeInIndex = 0; path = TestDrive.app; sourceTree = BUILT_PRODUCTS_DIR; };
		9483721B2EAE6B2F0094674D /* TestDriveTests.xctest */ = {isa = PBXFileReference; explicitFileType = wrapper.cfbundle; includeInIndex = 0; path = TestDriveTests.xctest; sourceTree = BUILT_PRODUCTS_DIR; };
/* End PBXFileReference section */

/* Begin PBXFileSystemSynchronizedBuildFileExceptionSet section */
		9458BA2D2F257F3F00F69095 /* Exceptions for "TestDrive" folder in "TestDrive" target */ = {
			isa = PBXFileSystemSynchronizedBuildFileExceptionSet;
			membershipExceptions = (
				Info.plist,
			);
			target = 9483720D2EAE6B2E0094674D /* TestDrive */;
		};
/* End PBXFileSystemSynchronizedBuildFileExceptionSet section */

/* Begin PBXFileSystemSynchronizedRootGroup section */
		9458BC9E2F25850A00F69095 /* TestDriveCore */ = {
			isa = PBXFileSystemSynchronizedRootGroup;
			path = TestDriveCore;
			sourceTree = "<group>";
		};
		948372102EAE6B2E0094674D /* TestDrive */ = {
			isa = PBXFileSystemSynchronizedRootGroup;
			exceptions = (
				9458BA2D2F257F3F00F69095 /* Exceptions for "TestDrive" folder in "TestDrive" target */,
			);
			path = TestDrive;
			sourceTree = "<group>";
		};
		9483721E2EAE6B2F0094674D /* TestDriveTests */ = {
			isa = PBXFileSystemSynchronizedRootGroup;
			path = TestDriveTests;
			sourceTree = "<group>";
		};
/* End PBXFileSystemSynchronizedRootGroup section */

/* Begin PBXFrameworksBuildPhase section */
		9483720B2EAE6B2E0094674D /* Frameworks */ = {
			isa = PBXFrameworksBuildPhase;
			buildActionMask = 2147483647;
			files = (
				94D001012F25800000000001 /* SFSymbols in Frameworks */,
				94D001032F25800000000002 /* SwiftTools in Frameworks */,
				94D001052F25800000000003 /* SwiftPurchase in Frameworks */,
			);
			runOnlyForDeploymentPostprocessing = 0;
		};
		948372182EAE6B2F0094674D /* Frameworks */ = {
			isa = PBXFrameworksBuildPhase;
			buildActionMask = 2147483647;
			files = (
			);
			runOnlyForDeploymentPostprocessing = 0;
		};
/* End PBXFrameworksBuildPhase section */

/* Begin PBXGroup section */
		948372052EAE6B2E0094674D = {
			isa = PBXGroup;
			children = (
				9458BC9E2F25850A00F69095 /* TestDriveCore */,
				9458BC9F2F25850A00F69095 /* TestDriveHome */,
				9458BCA02F25850A00F69095 /* TestDrivePersistence */,
				948372102EAE6B2E0094674D /* TestDrive */,
				9483721E2EAE6B2F0094674D /* TestDriveTests */,
				9483720F2EAE6B2E0094674D /* Products */,
			);
			sourceTree = "<group>";
		};
		9483720F2EAE6B2E0094674D /* Products */ = {
			isa = PBXGroup;
			children = (
				9483720E2EAE6B2E0094674D /* TestDrive.app */,
				9483721B2EAE6B2F0094674D /* TestDriveTests.xctest */,
			);
			name = Products;
			sourceTree = "<group>";
		};
/* End PBXGroup section */

/* Begin PBXNativeTarget section */
		9483720D2EAE6B2E0094674D /* TestDrive */ = {
			isa = PBXNativeTarget;
			buildConfigurationList = 9483722F2EAE6B2F0094674D /* Build configuration list for PBXNativeTarget "TestDrive" */;
			buildPhases = (
				9483720A2EAE6B2E0094674D /* Sources */,
				9483720B2EAE6B2E0094674D /* Frameworks */,
				9483720C2EAE6B2E0094674D /* Resources */,
			);
			buildRules = (
			);
			dependencies = (
			);
			fileSystemSynchronizedGroups = (
				9458BC9E2F25850A00F69095 /* TestDriveCore */,
				948372102EAE6B2E0094674D /* TestDrive */,
			);
			name = TestDrive;
			packageProductDependencies = (
				94D001002F25800000000001 /* SFSymbols */,
				94D001022F25800000000002 /* SwiftTools */,
				94D001042F25800000000003 /* SwiftPurchase */,
			);
			productName = TestDrive;
			productReference = 9483720E2EAE6B2E0094674D /* TestDrive.app */;
			productType = "com.apple.product-type.application";
		};
		9483721A2EAE6B2F0094674D /* TestDriveTests */ = {
			isa = PBXNativeTarget;
			buildConfigurationList = 948372322EAE6B2F0094674D /* Build configuration list for PBXNativeTarget "TestDriveTests" */;
			buildPhases = (
				948372172EAE6B2F0094674D /* Sources */,
				948372182EAE6B2F0094674D /* Frameworks */,
				948372192EAE6B2F0094674D /* Resources */,
			);
			buildRules = (
			);
			dependencies = (
				9483721D2EAE6B2F0094674D /* PBXTargetDependency */,
			);
			fileSystemSynchronizedGroups = (
				9483721E2EAE6B2F0094674D /* TestDriveTests */,
			);
			name = TestDriveTests;
			packageProductDependencies = (
			);
			productName = TestDriveTests;
			productReference = 9483721B2EAE6B2F0094674D /* TestDriveTests.xctest */;
			productType = "com.apple.product-type.bundle.unit-test";
		};
/* End PBXNativeTarget section */

/* Begin PBXProject section */
		948372062EAE6B2E0094674D /* Project object */ = {
			isa = PBXProject;
			attributes = {
				BuildIndependentTargetsInParallel = 1;
				LastSwiftUpdateCheck = 2600;
				LastUpgradeCheck = 2620;
				TargetAttributes = {
					9483720D2EAE6B2E0094674D = {
						CreatedOnToolsVersion = 26.0.1;
					};
					9483721A2EAE6B2F0094674D = {
						CreatedOnToolsVersion = 26.0.1;
						TestTargetID = 9483720D2EAE6B2E0094674D;
					};
				};
			};
			buildConfigurationList = 948372092EAE6B2E0094674D /* Build configuration list for PBXProject "TestDrive" */;
			developmentRegion = en;
			hasScannedForEncodings = 0;
			knownRegions = (
				en,
				Base,
			);
			mainGroup = 948372052EAE6B2E0094674D;
			minimizedProjectReferenceProxies = 1;
			packageReferences = (
				94D000FF2F25800000000000 /* XCRemoteSwiftPackageReference "SFSymbols" */,
				94D001012F25800000000004 /* XCRemoteSwiftPackageReference "SwiftTools" */,
				94D001032F25800000000005 /* XCRemoteSwiftPackageReference "SwiftPurchase" */,
			);
			preferredProjectObjectVersion = 77;
			productRefGroup = 9483720F2EAE6B2E0094674D /* Products */;
			projectDirPath = "";
			projectRoot = "";
			targets = (
				9483720D2EAE6B2E0094674D /* TestDrive */,
				9483721A2EAE6B2F0094674D /* TestDriveTests */,
			);
		};
/* End PBXProject section */

/* Begin PBXResourcesBuildPhase section */
		9483720C2EAE6B2E0094674D /* Resources */ = {
			isa = PBXResourcesBuildPhase;
			buildActionMask = 2147483647;
			files = (
			);
			runOnlyForDeploymentPostprocessing = 0;
		};
		948372192EAE6B2F0094674D /* Resources */ = {
			isa = PBXResourcesBuildPhase;
			buildActionMask = 2147483647;
			files = (
			);
			runOnlyForDeploymentPostprocessing = 0;
		};
/* End PBXResourcesBuildPhase section */

/* Begin PBXSourcesBuildPhase section */
		9483720A2EAE6B2E0094674D /* Sources */ = {
			isa = PBXSourcesBuildPhase;
			buildActionMask = 2147483647;
			files = (
			);
			runOnlyForDeploymentPostprocessing = 0;
		};
		948372172EAE6B2F0094674D /* Sources */ = {
			isa = PBXSourcesBuildPhase;
			buildActionMask = 2147483647;
			files = (
			);
			runOnlyForDeploymentPostprocessing = 0;
		};
/* End PBXSourcesBuildPhase section */

/* Begin PBXTargetDependency section */
		9483721D2EAE6B2F0094674D /* PBXTargetDependency */ = {
			isa = PBXTargetDependency;
			target = 9483720D2EAE6B2E0094674D /* TestDrive */;
			targetProxy = 9483721C2EAE6B2F0094674D /* PBXContainerItemProxy */;
		};
/* End PBXTargetDependency section */

/* Begin XCBuildConfiguration section */
		9483722D2EAE6B2F0094674D /* Debug */ = {
			isa = XCBuildConfiguration;
			buildSettings = {
				ALWAYS_SEARCH_USER_PATHS = NO;
				ASSETCATALOG_COMPILER_GENERATE_SWIFT_ASSET_SYMBOL_EXTENSIONS = YES;
				CLANG_ANALYZER_NONNULL = YES;
				CLANG_ANALYZER_NUMBER_OBJECT_CONVERSION = YES_AGGRESSIVE;
				CLANG_CXX_LANGUAGE_STANDARD = "gnu++20";
				CLANG_ENABLE_MODULES = YES;
				CLANG_ENABLE_OBJC_ARC = YES;
				CLANG_ENABLE_OBJC_WEAK = YES;
				CLANG_WARN_BLOCK_CAPTURE_AUTORELEASING = YES;
				CLANG_WARN_BOOL_CONVERSION = YES;
				CLANG_WARN_COMMA = YES;
				CLANG_WARN_CONSTANT_CONVERSION = YES;
				CLANG_WARN_DEPRECATED_OBJC_IMPLEMENTATIONS = YES;
				CLANG_WARN_DIRECT_OBJC_ISA_USAGE = YES_ERROR;
				CLANG_WARN_DOCUMENTATION_COMMENTS = YES;
				CLANG_WARN_EMPTY_BODY = YES;
				CLANG_WARN_ENUM_CONVERSION = YES;
				CLANG_WARN_INFINITE_RECURSION = YES;
				CLANG_WARN_INT_CONVERSION = YES;
				CLANG_WARN_NON_LITERAL_NULL_CONVERSION = YES;
				CLANG_WARN_OBJC_IMPLICIT_RETAIN_SELF = YES;
				CLANG_WARN_OBJC_LITERAL_CONVERSION = YES;
				CLANG_WARN_OBJC_ROOT_CLASS = YES_ERROR;
				CLANG_WARN_QUOTED_INCLUDE_IN_FRAMEWORK_HEADER = YES;
				CLANG_WARN_RANGE_LOOP_ANALYSIS = YES;
				CLANG_WARN_STRICT_PROTOTYPES = YES;
				CLANG_WARN_SUSPICIOUS_MOVE = YES;
				CLANG_WARN_UNGUARDED_AVAILABILITY = YES_AGGRESSIVE;
				CLANG_WARN_UNREACHABLE_CODE = YES;
				CLANG_WARN__DUPLICATE_METHOD_MATCH = YES;
				COPY_PHASE_STRIP = NO;
				DEBUG_INFORMATION_FORMAT = dwarf;
				DEVELOPMENT_TEAM = 29BB6CT754;
				ENABLE_STRICT_OBJC_MSGSEND = YES;
				ENABLE_TESTABILITY = YES;
				ENABLE_USER_SCRIPT_SANDBOXING = YES;
				GCC_C_LANGUAGE_STANDARD = gnu17;
				GCC_DYNAMIC_NO_PIC = NO;
				GCC_NO_COMMON_BLOCKS = YES;
				GCC_OPTIMIZATION_LEVEL = 0;
				GCC_PREPROCESSOR_DEFINITIONS = (
					"DEBUG=1",
					"$(inherited)",
				);
				GCC_WARN_64_TO_32_BIT_CONVERSION = YES;
				GCC_WARN_ABOUT_RETURN_TYPE = YES_ERROR;
				GCC_WARN_UNDECLARED_SELECTOR = YES;
				GCC_WARN_UNINITIALIZED_AUTOS = YES_AGGRESSIVE;
				GCC_WARN_UNUSED_FUNCTION = YES;
				GCC_WARN_UNUSED_VARIABLE = YES;
				IPHONEOS_DEPLOYMENT_TARGET = 26.0;
				LOCALIZATION_PREFERS_STRING_CATALOGS = YES;
				MTL_ENABLE_DEBUG_INFO = INCLUDE_SOURCE;
				MTL_FAST_MATH = YES;
				ONLY_ACTIVE_ARCH = YES;
				SDKROOT = iphoneos;
				STRING_CATALOG_GENERATE_SYMBOLS = YES;
				SWIFT_ACTIVE_COMPILATION_CONDITIONS = "DEBUG $(inherited)";
				SWIFT_APPROACHABLE_CONCURRENCY = YES;
				SWIFT_OPTIMIZATION_LEVEL = "-Onone";
			};
			name = Debug;
		};
		9483722E2EAE6B2F0094674D /* Release */ = {
			isa = XCBuildConfiguration;
			buildSettings = {
				ALWAYS_SEARCH_USER_PATHS = NO;
				ASSETCATALOG_COMPILER_GENERATE_SWIFT_ASSET_SYMBOL_EXTENSIONS = YES;
				CLANG_ANALYZER_NONNULL = YES;
				CLANG_ANALYZER_NUMBER_OBJECT_CONVERSION = YES_AGGRESSIVE;
				CLANG_CXX_LANGUAGE_STANDARD = "gnu++20";
				CLANG_ENABLE_MODULES = YES;
				CLANG_ENABLE_OBJC_ARC = YES;
				CLANG_ENABLE_OBJC_WEAK = YES;
				CLANG_WARN_BLOCK_CAPTURE_AUTORELEASING = YES;
				CLANG_WARN_BOOL_CONVERSION = YES;
				CLANG_WARN_COMMA = YES;
				CLANG_WARN_CONSTANT_CONVERSION = YES;
				CLANG_WARN_DEPRECATED_OBJC_IMPLEMENTATIONS = YES;
				CLANG_WARN_DIRECT_OBJC_ISA_USAGE = YES_ERROR;
				CLANG_WARN_DOCUMENTATION_COMMENTS = YES;
				CLANG_WARN_EMPTY_BODY = YES;
				CLANG_WARN_ENUM_CONVERSION = YES;
				CLANG_WARN_INFINITE_RECURSION = YES;
				CLANG_WARN_INT_CONVERSION = YES;
				CLANG_WARN_NON_LITERAL_NULL_CONVERSION = YES;
				CLANG_WARN_OBJC_IMPLICIT_RETAIN_SELF = YES;
				CLANG_WARN_OBJC_LITERAL_CONVERSION = YES;
				CLANG_WARN_OBJC_ROOT_CLASS = YES_ERROR;
				CLANG_WARN_QUOTED_INCLUDE_IN_FRAMEWORK_HEADER = YES;
				CLANG_WARN_RANGE_LOOP_ANALYSIS = YES;
				CLANG_WARN_STRICT_PROTOTYPES = YES;
				CLANG_WARN_SUSPICIOUS_MOVE = YES;
				CLANG_WARN_UNGUARDED_AVAILABILITY = YES_AGGRESSIVE;
				CLANG_WARN_UNREACHABLE_CODE = YES;
				CLANG_WARN__DUPLICATE_METHOD_MATCH = YES;
				COPY_PHASE_STRIP = NO;
				DEBUG_INFORMATION_FORMAT = "dwarf-with-dsym";
				DEVELOPMENT_TEAM = 29BB6CT754;
				ENABLE_NS_ASSERTIONS = NO;
				ENABLE_STRICT_OBJC_MSGSEND = YES;
				ENABLE_USER_SCRIPT_SANDBOXING = YES;
				GCC_C_LANGUAGE_STANDARD = gnu17;
				GCC_NO_COMMON_BLOCKS = YES;
				GCC_WARN_64_TO_32_BIT_CONVERSION = YES;
				GCC_WARN_ABOUT_RETURN_TYPE = YES_ERROR;
				GCC_WARN_UNDECLARED_SELECTOR = YES;
				GCC_WARN_UNINITIALIZED_AUTOS = YES_AGGRESSIVE;
				GCC_WARN_UNUSED_FUNCTION = YES;
				GCC_WARN_UNUSED_VARIABLE = YES;
				IPHONEOS_DEPLOYMENT_TARGET = 26.0;
				LOCALIZATION_PREFERS_STRING_CATALOGS = YES;
				MTL_ENABLE_DEBUG_INFO = NO;
				MTL_FAST_MATH = YES;
				SDKROOT = iphoneos;
				STRING_CATALOG_GENERATE_SYMBOLS = YES;
				SWIFT_APPROACHABLE_CONCURRENCY = YES;
				SWIFT_COMPILATION_MODE = wholemodule;
				VALIDATE_PRODUCT = YES;
			};
			name = Release;
		};
		948372302EAE6B2F0094674D /* Debug */ = {
			isa = XCBuildConfiguration;
			buildSettings = {
				ASSETCATALOG_COMPILER_APPICON_NAME = AppIcon;
				ASSETCATALOG_COMPILER_GLOBAL_ACCENT_COLOR_NAME = AccentColor;
				CODE_SIGN_ENTITLEMENTS = TestDrive/TestDrive.entitlements;
				CODE_SIGN_STYLE = Automatic;
				CURRENT_PROJECT_VERSION = 1;
				DEVELOPMENT_TEAM = 29BB6CT754;
				ENABLE_PREVIEWS = YES;
				GENERATE_INFOPLIST_FILE = YES;
				INFOPLIST_FILE = TestDrive/Info.plist;
				INFOPLIST_KEY_UIApplicationSceneManifest_Generation = YES;
				INFOPLIST_KEY_UIApplicationSupportsIndirectInputEvents = YES;
				INFOPLIST_KEY_UILaunchScreen_Generation = YES;
				INFOPLIST_KEY_UISupportedInterfaceOrientations_iPad = "UIInterfaceOrientationPortrait UIInterfaceOrientationPortraitUpsideDown UIInterfaceOrientationLandscapeLeft UIInterfaceOrientationLandscapeRight";
				INFOPLIST_KEY_UISupportedInterfaceOrientations_iPhone = "UIInterfaceOrientationPortrait UIInterfaceOrientationLandscapeLeft UIInterfaceOrientationLandscapeRight";
				LD_RUNPATH_SEARCH_PATHS = (
					"$(inherited)",
					"@executable_path/Frameworks",
				);
				LIBRARY_SEARCH_PATHS = (
					"$(inherited)",
					"$(PROJECT_DIR)/TestDriveCore/.build/prebuilts/swift-syntax/602.0.0/swiftlang-6.2.3.3.21-MacroSupport-macos_aarch64/lib",
				);
				MARKETING_VERSION = 1.0;
				PRODUCT_BUNDLE_IDENTIFIER = com.rspoon3.TestDrive;
				PRODUCT_NAME = "$(TARGET_NAME)";
				STRING_CATALOG_GENERATE_SYMBOLS = YES;
				SWIFT_APPROACHABLE_CONCURRENCY = YES;
				SWIFT_DEFAULT_ACTOR_ISOLATION = MainActor;
				SWIFT_EMIT_LOC_STRINGS = YES;
				SWIFT_UPCOMING_FEATURE_MEMBER_IMPORT_VISIBILITY = YES;
				SWIFT_VERSION = 5.0;
				TARGETED_DEVICE_FAMILY = "1,2";
			};
			name = Debug;
		};
		948372312EAE6B2F0094674D /* Release */ = {
			isa = XCBuildConfiguration;
			buildSettings = {
				ASSETCATALOG_COMPILER_APPICON_NAME = AppIcon;
				ASSETCATALOG_COMPILER_GLOBAL_ACCENT_COLOR_NAME = AccentColor;
				CODE_SIGN_ENTITLEMENTS = TestDrive/TestDrive.entitlements;
				CODE_SIGN_STYLE = Automatic;
				CURRENT_PROJECT_VERSION = 1;
				DEVELOPMENT_TEAM = 29BB6CT754;
				ENABLE_PREVIEWS = YES;
				GENERATE_INFOPLIST_FILE = YES;
				INFOPLIST_FILE = TestDrive/Info.plist;
				INFOPLIST_KEY_UIApplicationSceneManifest_Generation = YES;
				INFOPLIST_KEY_UIApplicationSupportsIndirectInputEvents = YES;
				INFOPLIST_KEY_UILaunchScreen_Generation = YES;
				INFOPLIST_KEY_UISupportedInterfaceOrientations_iPad = "UIInterfaceOrientationPortrait UIInterfaceOrientationPortraitUpsideDown UIInterfaceOrientationLandscapeLeft UIInterfaceOrientationLandscapeRight";
				INFOPLIST_KEY_UISupportedInterfaceOrientations_iPhone = "UIInterfaceOrientationPortrait UIInterfaceOrientationLandscapeLeft UIInterfaceOrientationLandscapeRight";
				LD_RUNPATH_SEARCH_PATHS = (
					"$(inherited)",
					"@executable_path/Frameworks",
				);
				LIBRARY_SEARCH_PATHS = (
					"$(inherited)",
					"$(PROJECT_DIR)/TestDriveCore/.build/prebuilts/swift-syntax/602.0.0/swiftlang-6.2.3.3.21-MacroSupport-macos_aarch64/lib",
				);
				MARKETING_VERSION = 1.0;
				PRODUCT_BUNDLE_IDENTIFIER = com.rspoon3.TestDrive;
				PRODUCT_NAME = "$(TARGET_NAME)";
				STRING_CATALOG_GENERATE_SYMBOLS = YES;
				SWIFT_APPROACHABLE_CONCURRENCY = YES;
				SWIFT_DEFAULT_ACTOR_ISOLATION = MainActor;
				SWIFT_EMIT_LOC_STRINGS = YES;
				SWIFT_UPCOMING_FEATURE_MEMBER_IMPORT_VISIBILITY = YES;
				SWIFT_VERSION = 5.0;
				TARGETED_DEVICE_FAMILY = "1,2";
			};
			name = Release;
		};
		948372332EAE6B2F0094674D /* Debug */ = {
			isa = XCBuildConfiguration;
			buildSettings = {
				BUNDLE_LOADER = "$(TEST_HOST)";
				CODE_SIGN_STYLE = Automatic;
				CURRENT_PROJECT_VERSION = 1;
				DEVELOPMENT_TEAM = 29BB6CT754;
				GENERATE_INFOPLIST_FILE = YES;
				IPHONEOS_DEPLOYMENT_TARGET = 26.0;
				MARKETING_VERSION = 1.0;
				PRODUCT_BUNDLE_IDENTIFIER = com.rspoon3.TestDriveTests;
				PRODUCT_NAME = "$(TARGET_NAME)";
				STRING_CATALOG_GENERATE_SYMBOLS = NO;
				SWIFT_APPROACHABLE_CONCURRENCY = YES;
				SWIFT_EMIT_LOC_STRINGS = NO;
				SWIFT_UPCOMING_FEATURE_MEMBER_IMPORT_VISIBILITY = YES;
				SWIFT_VERSION = 5.0;
				TARGETED_DEVICE_FAMILY = "1,2";
				TEST_HOST = "$(BUILT_PRODUCTS_DIR)/TestDrive.app/$(BUNDLE_EXECUTABLE_FOLDER_PATH)/TestDrive";
			};
			name = Debug;
		};
		948372342EAE6B2F0094674D /* Release */ = {
			isa = XCBuildConfiguration;
			buildSettings = {
				BUNDLE_LOADER = "$(TEST_HOST)";
				CODE_SIGN_STYLE = Automatic;
				CURRENT_PROJECT_VERSION = 1;
				DEVELOPMENT_TEAM = 29BB6CT754;
				GENERATE_INFOPLIST_FILE = YES;
				IPHONEOS_DEPLOYMENT_TARGET = 26.0;
				MARKETING_VERSION = 1.0;
				PRODUCT_BUNDLE_IDENTIFIER = com.rspoon3.TestDriveTests;
				PRODUCT_NAME = "$(TARGET_NAME)";
				STRING_CATALOG_GENERATE_SYMBOLS = NO;
				SWIFT_APPROACHABLE_CONCURRENCY = YES;
				SWIFT_EMIT_LOC_STRINGS = NO;
				SWIFT_UPCOMING_FEATURE_MEMBER_IMPORT_VISIBILITY = YES;
				SWIFT_VERSION = 5.0;
				TARGETED_DEVICE_FAMILY = "1,2";
				TEST_HOST = "$(BUILT_PRODUCTS_DIR)/TestDrive.app/$(BUNDLE_EXECUTABLE_FOLDER_PATH)/TestDrive";
			};
			name = Release;
		};
/* End XCBuildConfiguration section */

/* Begin XCConfigurationList section */
		948372092EAE6B2E0094674D /* Build configuration list for PBXProject "TestDrive" */ = {
			isa = XCConfigurationList;
			buildConfigurations = (
				9483722D2EAE6B2F0094674D /* Debug */,
				9483722E2EAE6B2F0094674D /* Release */,
			);
			defaultConfigurationIsVisible = 0;
			defaultConfigurationName = Release;
		};
		9483722F2EAE6B2F0094674D /* Build configuration list for PBXNativeTarget "TestDrive" */ = {
			isa = XCConfigurationList;
			buildConfigurations = (
				948372302EAE6B2F0094674D /* Debug */,
				948372312EAE6B2F0094674D /* Release */,
			);
			defaultConfigurationIsVisible = 0;
			defaultConfigurationName = Release;
		};
		948372322EAE6B2F0094674D /* Build configuration list for PBXNativeTarget "TestDriveTests" */ = {
			isa = XCConfigurationList;
			buildConfigurations = (
				948372332EAE6B2F0094674D /* Debug */,
				948372342EAE6B2F0094674D /* Release */,
			);
			defaultConfigurationIsVisible = 0;
			defaultConfigurationName = Release;
		};
/* End XCConfigurationList section */

/* Begin XCRemoteSwiftPackageReference section */
		94D000FF2F25800000000000 /* XCRemoteSwiftPackageReference "SFSymbols" */ = {
			isa = XCRemoteSwiftPackageReference;
			repositoryURL = "https://github.com/Rspoon3/SFSymbols";
			requirement = {
				kind = exactVersion;
				version = 2.8.1;
			};
		};
		94D001012F25800000000004 /* XCRemoteSwiftPackageReference "SwiftTools" */ = {
			isa = XCRemoteSwiftPackageReference;
			repositoryURL = "https://github.com/Rspoon3/SwiftTools";
			requirement = {
				kind = exactVersion;
				version = 2.2.5;
			};
		};
		94D001032F25800000000005 /* XCRemoteSwiftPackageReference "SwiftPurchase" */ = {
			isa = XCRemoteSwiftPackageReference;
			repositoryURL = "https://github.com/Rspoon3/SwiftPurchase";
			requirement = {
				kind = exactVersion;
				version = 1.0.4;
			};
		};
/* End XCRemoteSwiftPackageReference section */

/* Begin XCSwiftPackageProductDependency section */
		94D001002F25800000000001 /* SFSymbols */ = {
			isa = XCSwiftPackageProductDependency;
			package = 94D000FF2F25800000000000 /* XCRemoteSwiftPackageReference "SFSymbols" */;
			productName = SFSymbols;
		};
		94D001022F25800000000002 /* SwiftTools */ = {
			isa = XCSwiftPackageProductDependency;
			package = 94D001012F25800000000004 /* XCRemoteSwiftPackageReference "SwiftTools" */;
			productName = SwiftTools;
		};
		94D001042F25800000000003 /* SwiftPurchase */ = {
			isa = XCSwiftPackageProductDependency;
			package = 94D001032F25800000000005 /* XCRemoteSwiftPackageReference "SwiftPurchase" */;
			productName = SwiftPurchase;
		};
/* End XCSwiftPackageProductDependency section */
	};
	rootObject = 948372062EAE6B2E0094674D /* Project object */;
}
