{
  "originHash" : "7746b74fbf467fd1c6c9b1d2391e1e602b4e669c967db4c7588b731e083ab31f",
  "pins" : [
    {
      "identity" : "rswtools",
      "kind" : "remoteSourceControl",
      "location" : "https://github.com/Rspoon3/RSWTools.git",
      "state" : {
        "revision" : "900169b929f1ae2241b0f12ff1ef2dbe1584de02",
        "version" : "3.1.0"
      }
    },
    {
      "identity" : "sfsymbols",
      "kind" : "remoteSourceControl",
      "location" : "https://github.com/Rspoon3/SFSymbols.git",
      "state" : {
        "revision" : "00d411cfc77f462e435db73805d010f37c2120f4",
        "version" : "2.6.0"
      }
    },
    {
      "identity" : "swifttools",
      "kind" : "remoteSourceControl",
      "location" : "https://github.com/Rspoon3/SwiftTools.git",
      "state" : {
        "revision" : "108a6f19dba066250a0925f4db90da238633af38",
        "version" : "1.1.0"
      }
    },
    {
      "identity" : "vortex",
      "kind" : "remoteSourceControl",
      "location" : "https://github.com/twostraws/Vortex",
      "state" : {
        "revision" : "bb48b128d3c13c68c68e83833c622eec9f6c701f",
        "version" : "1.0.1"
      }
    }
  ],
  "version" : 3
}
